
Microsoft Visual Studio Solution File, Format Version 12.00
# Visual Studio Version 16
VisualStudioVersion = 16.0.31205.134
MinimumVisualStudioVersion = 10.0.40219.1
Project("{FAE04EC0-301F-11D3-BF4B-00C04F79EFBC}") = "prjJavaScript", "prjJavaScript\prjJavaScript.csproj", "{754C528F-00E6-414A-8A8B-BEE407F00073}"
EndProject
Global
	GlobalSection(SolutionConfigurationPlatforms) = preSolution
		Debug|Any CPU = Debug|Any CPU
		Release|Any CPU = Release|Any CPU
	EndGlobalSection
	GlobalSection(ProjectConfigurationPlatforms) = postSolution
		{754C528F-00E6-414A-8A8B-BEE407F00073}.Debug|Any CPU.ActiveCfg = Debug|Any CPU
		{754C528F-00E6-414A-8A8B-BEE407F00073}.Debug|Any CPU.Build.0 = Debug|Any CPU
		{754C528F-00E6-414A-8A8B-BEE407F00073}.Release|Any CPU.ActiveCfg = Release|Any CPU
		{754C528F-00E6-414A-8A8B-BEE407F00073}.Release|Any CPU.Build.0 = Release|Any CPU
	EndGlobalSection
	GlobalSection(SolutionProperties) = preSolution
		HideSolutionNode = FALSE
	EndGlobalSection
	GlobalSection(ExtensibilityGlobals) = postSolution
		SolutionGuid = {5E0133A6-7AE1-4DD2-8513-D0033F4D5CFD}
	EndGlobalSection
EndGlobal
